
Microsoft Visual Studio Solution File, Format Version 11.00
# Visual Studio 2010
Project("{FAE04EC0-301F-11D3-BF4B-00C04F79EFBC}") = "Scripts", "Scripts.csproj", "{ea884113-941c-dc86-86a6-13ed0a08dc51}"
EndProject
Project("{FAE04EC0-301F-11D3-BF4B-00C04F79EFBC}") = "Tests", "Tests.csproj", "{ae8449ad-a364-8093-279f-26ab800634e7}"
EndProject
Global
	GlobalSection(SolutionConfigurationPlatforms) = preSolution
		Debug|Any CPU = Debug|Any CPU
		Release|Any CPU = Release|Any CPU
	EndGlobalSection
	GlobalSection(ProjectConfigurationPlatforms) = postSolution
		{ea884113-941c-dc86-86a6-13ed0a08dc51}.Debug|Any CPU.ActiveCfg = Debug|Any CPU
		{ea884113-941c-dc86-86a6-13ed0a08dc51}.Debug|Any CPU.Build.0 = Debug|Any CPU
		{ea884113-941c-dc86-86a6-13ed0a08dc51}.Release|Any CPU.ActiveCfg = Release|Any CPU
		{ea884113-941c-dc86-86a6-13ed0a08dc51}.Release|Any CPU.Build.0 = Release|Any CPU
		{ae8449ad-a364-8093-279f-26ab800634e7}.Debug|Any CPU.ActiveCfg = Debug|Any CPU
		{ae8449ad-a364-8093-279f-26ab800634e7}.Debug|Any CPU.Build.0 = Debug|Any CPU
		{ae8449ad-a364-8093-279f-26ab800634e7}.Release|Any CPU.ActiveCfg = Release|Any CPU
		{ae8449ad-a364-8093-279f-26ab800634e7}.Release|Any CPU.Build.0 = Release|Any CPU
	EndGlobalSection
	GlobalSection(SolutionProperties) = preSolution
		HideSolutionNode = FALSE
	EndGlobalSection
EndGlobal
